// !$*UTF8*$!
{
	archiveVersion = 1;
	classes = {
	};
	objectVersion = 46;
	objects = {

/* Begin PBXBuildFile section */
		317FAEC917AA51A700BF8911 /* SenTestingKit.framework in Frameworks */ = {isa = PBXBuildFile; fileRef = CC73D8301791BCC200146325 /* SenTestingKit.framework */; };
		317FAECA17AA51A700BF8911 /* UIKit.framework in Frameworks */ = {isa = PBXBuildFile; fileRef = CC73D8091791BCC100146325 /* UIKit.framework */; };
		317FAECB17AA51A700BF8911 /* Foundation.framework in Frameworks */ = {isa = PBXBuildFile; fileRef = CC73D80B1791BCC100146325 /* Foundation.framework */; };
		317FAED117AA51A700BF8911 /* InfoPlist.strings in Resources */ = {isa = PBXBuildFile; fileRef = 317FAECF17AA51A700BF8911 /* InfoPlist.strings */; };
		317FAED417AA51A700BF8911 /* FrontiaTests.m in Sources */ = {isa = PBXBuildFile; fileRef = 317FAED317AA51A700BF8911 /* FrontiaTests.m */; };
		31AEB817179D3CB3006DD648 /* SystemConfiguration.framework in Frameworks */ = {isa = PBXBuildFile; fileRef = CC73D8891791C78100146325 /* SystemConfiguration.framework */; };
		31AEB818179D3CBD006DD648 /* libsqlite3.dylib in Frameworks */ = {isa = PBXBuildFile; fileRef = CC73D8871791C6A900146325 /* libsqlite3.dylib */; };
		31AEB819179D3CC6006DD648 /* libstdc++.dylib in Frameworks */ = {isa = PBXBuildFile; fileRef = CC73D8811791C67A00146325 /* libstdc++.dylib */; };
		31AEB81A179D3CD2006DD648 /* libz.dylib in Frameworks */ = {isa = PBXBuildFile; fileRef = CC73D8851791C69900146325 /* libz.dylib */; };
		8E32831318B304C60059B602 /* TencentOpenApi_IOS_Bundle.bundle in Resources */ = {isa = PBXBuildFile; fileRef = 8E32831018B304C60059B602 /* TencentOpenApi_IOS_Bundle.bundle */; };
		CC73D80A1791BCC100146325 /* UIKit.framework in Frameworks */ = {isa = PBXBuildFile; fileRef = CC73D8091791BCC100146325 /* UIKit.framework */; };
		CC73D80C1791BCC100146325 /* Foundation.framework in Frameworks */ = {isa = PBXBuildFile; fileRef = CC73D80B1791BCC100146325 /* Foundation.framework */; };
		CC73D80E1791BCC100146325 /* CoreGraphics.framework in Frameworks */ = {isa = PBXBuildFile; fileRef = CC73D80D1791BCC100146325 /* CoreGraphics.framework */; };
		CC73D8141791BCC100146325 /* InfoPlist.strings in Resources */ = {isa = PBXBuildFile; fileRef = CC73D8121791BCC100146325 /* InfoPlist.strings */; };
		CC73D8161791BCC100146325 /* main.m in Sources */ = {isa = PBXBuildFile; fileRef = CC73D8151791BCC100146325 /* main.m */; };
		CC73D81C1791BCC100146325 /* Default.png in Resources */ = {isa = PBXBuildFile; fileRef = CC73D81B1791BCC100146325 /* Default.png */; };
		CC73D81E1791BCC100146325 /* Default@2x.png in Resources */ = {isa = PBXBuildFile; fileRef = CC73D81D1791BCC100146325 /* Default@2x.png */; };
		CC73D8201791BCC100146325 /* Default-568h@2x.png in Resources */ = {isa = PBXBuildFile; fileRef = CC73D81F1791BCC100146325 /* Default-568h@2x.png */; };
		CC73D8231791BCC100146325 /* MainStoryboard_iPhone.storyboard in Resources */ = {isa = PBXBuildFile; fileRef = CC73D8211791BCC100146325 /* MainStoryboard_iPhone.storyboard */; };
		CC73D8261791BCC100146325 /* MainStoryboard_iPad.storyboard in Resources */ = {isa = PBXBuildFile; fileRef = CC73D8241791BCC100146325 /* MainStoryboard_iPad.storyboard */; };
		CC73D8741791C27000146325 /* FrontiaAppDelegate.m in Sources */ = {isa = PBXBuildFile; fileRef = CC73D8731791C27000146325 /* FrontiaAppDelegate.m */; };
		CC73D8791791C27F00146325 /* FrontiaViewController.m in Sources */ = {isa = PBXBuildFile; fileRef = CC73D8761791C27F00146325 /* FrontiaViewController.m */; };
		CC73D87D1791C30A00146325 /* BPushConfig.plist in Resources */ = {isa = PBXBuildFile; fileRef = CC73D87B1791C30A00146325 /* BPushConfig.plist */; };
		CC73D87E1791C30A00146325 /* cat.caf in Resources */ = {isa = PBXBuildFile; fileRef = CC73D87C1791C30A00146325 /* cat.caf */; };
		CC73D8841791C68D00146325 /* CoreTelephony.framework in Frameworks */ = {isa = PBXBuildFile; fileRef = CC73D8831791C68D00146325 /* CoreTelephony.framework */; };
		E1A8CAFE17CF40DF00B78065 /* Frontia.framework in Frameworks */ = {isa = PBXBuildFile; fileRef = E1A8CAFD17CF40DF00B78065 /* Frontia.framework */; };
		E50B5CA7182B95E90021E3D1 /* CFNetwork.framework in Frameworks */ = {isa = PBXBuildFile; fileRef = E50B5CA6182B95E90021E3D1 /* CFNetwork.framework */; };
		E50B5CA9182B96560021E3D1 /* QuartzCore.framework in Frameworks */ = {isa = PBXBuildFile; fileRef = E50B5CA8182B96560021E3D1 /* QuartzCore.framework */; };
		E50B5CAB182B96BF0021E3D1 /* MobileCoreServices.framework in Frameworks */ = {isa = PBXBuildFile; fileRef = E50B5CAA182B96BF0021E3D1 /* MobileCoreServices.framework */; };
		E50B5CAD182B97190021E3D1 /* MessageUI.framework in Frameworks */ = {isa = PBXBuildFile; fileRef = E50B5CAC182B97190021E3D1 /* MessageUI.framework */; };
		E544C39917D73E7900D46E7F /* Security.framework in Frameworks */ = {isa = PBXBuildFile; fileRef = E544C39817D73E7900D46E7F /* Security.framework */; };
		E544C39A17D73E8D00D46E7F /* CoreLocation.framework in Frameworks */ = {isa = PBXBuildFile; fileRef = E544C39417D73D8B00D46E7F /* CoreLocation.framework */; };
		E5D1A1AE1803CD1A001539DE /* FrontiaSource.bundle in Resources */ = {isa = PBXBuildFile; fileRef = E5D1A19C1803CD1A001539DE /* FrontiaSource.bundle */; };
		E5D1A1AF1803CD1A001539DE /* JSONKit.m in Sources */ = {isa = PBXBuildFile; fileRef = E5D1A19E1803CD1A001539DE /* JSONKit.m */; settings = {COMPILER_FLAGS = "-fno-objc-arc"; }; };
		E5D1A1B01803CD1A001539DE /* TencentOpenAPI in Frameworks */ = {isa = PBXBuildFile; fileRef = E5D1A1A61803CD1A001539DE /* TencentOpenAPI */; };
		E5D1A1B11803CD1A001539DE /* libWeiboSDK in Frameworks */ = {isa = PBXBuildFile; fileRef = E5D1A1A81803CD1A001539DE /* libWeiboSDK */; };
		E5D1A1BC18055AE8001539DE /* libWeChatSDK in Frameworks */ = {isa = PBXBuildFile; fileRef = E5D1A1BB18055AE8001539DE /* libWeChatSDK */; };
/* End PBXBuildFile section */

/* Begin PBXFileReference section */
		317FAEC817AA51A700BF8911 /* FrontiaTests.octest */ = {isa = PBXFileReference; explicitFileType = wrapper.cfbundle; includeInIndex = 0; path = FrontiaTests.octest; sourceTree = BUILT_PRODUCTS_DIR; };
		317FAECE17AA51A700BF8911 /* FrontiaTests-Info.plist */ = {isa = PBXFileReference; lastKnownFileType = text.plist.xml; path = "FrontiaTests-Info.plist"; sourceTree = "<group>"; };
		317FAED017AA51A700BF8911 /* en */ = {isa = PBXFileReference; lastKnownFileType = text.plist.strings; name = en; path = en.lproj/InfoPlist.strings; sourceTree = "<group>"; };
		317FAED217AA51A700BF8911 /* FrontiaTests.h */ = {isa = PBXFileReference; lastKnownFileType = sourcecode.c.h; path = FrontiaTests.h; sourceTree = "<group>"; };
		317FAED317AA51A700BF8911 /* FrontiaTests.m */ = {isa = PBXFileReference; lastKnownFileType = sourcecode.c.objc; path = FrontiaTests.m; sourceTree = "<group>"; };
		317FAED517AA51A700BF8911 /* FrontiaTests-Prefix.pch */ = {isa = PBXFileReference; lastKnownFileType = sourcecode.c.h; path = "FrontiaTests-Prefix.pch"; sourceTree = "<group>"; };
		8E32830E18B304C60059B602 /* TencentApiInterface.h */ = {isa = PBXFileReference; fileEncoding = 4; lastKnownFileType = sourcecode.c.h; path = TencentApiInterface.h; sourceTree = "<group>"; };
		8E32830F18B304C60059B602 /* TencentMessageObject.h */ = {isa = PBXFileReference; fileEncoding = 4; lastKnownFileType = sourcecode.c.h; path = TencentMessageObject.h; sourceTree = "<group>"; };
		8E32831018B304C60059B602 /* TencentOpenApi_IOS_Bundle.bundle */ = {isa = PBXFileReference; lastKnownFileType = "wrapper.plug-in"; path = TencentOpenApi_IOS_Bundle.bundle; sourceTree = "<group>"; };
		8E32831118B304C60059B602 /* WeiBoAPI.h */ = {isa = PBXFileReference; fileEncoding = 4; lastKnownFileType = sourcecode.c.h; path = WeiBoAPI.h; sourceTree = "<group>"; };
		8E32831218B304C60059B602 /* WeiyunAPI.h */ = {isa = PBXFileReference; fileEncoding = 4; lastKnownFileType = sourcecode.c.h; path = WeiyunAPI.h; sourceTree = "<group>"; };
		CC73D8061791BCC100146325 /* FrontiaDemo.app */ = {isa = PBXFileReference; explicitFileType = wrapper.application; includeInIndex = 0; path = FrontiaDemo.app; sourceTree = BUILT_PRODUCTS_DIR; };
		CC73D8091791BCC100146325 /* UIKit.framework */ = {isa = PBXFileReference; lastKnownFileType = wrapper.framework; name = UIKit.framework; path = System/Library/Frameworks/UIKit.framework; sourceTree = SDKROOT; };
		CC73D80B1791BCC100146325 /* Foundation.framework */ = {isa = PBXFileReference; lastKnownFileType = wrapper.framework; name = Foundation.framework; path = System/Library/Frameworks/Foundation.framework; sourceTree = SDKROOT; };
		CC73D80D1791BCC100146325 /* CoreGraphics.framework */ = {isa = PBXFileReference; lastKnownFileType = wrapper.framework; name = CoreGraphics.framework; path = System/Library/Frameworks/CoreGraphics.framework; sourceTree = SDKROOT; };
		CC73D8111791BCC100146325 /* FrontiaDemo-Info.plist */ = {isa = PBXFileReference; lastKnownFileType = text.plist.xml; path = "FrontiaDemo-Info.plist"; sourceTree = "<group>"; };
		CC73D8131791BCC100146325 /* en */ = {isa = PBXFileReference; lastKnownFileType = text.plist.strings; name = en; path = en.lproj/InfoPlist.strings; sourceTree = "<group>"; };
		CC73D8151791BCC100146325 /* main.m */ = {isa = PBXFileReference; lastKnownFileType = sourcecode.c.objc; path = main.m; sourceTree = "<group>"; };
		CC73D8171791BCC100146325 /* FrontiaDemo-Prefix.pch */ = {isa = PBXFileReference; lastKnownFileType = sourcecode.c.h; path = "FrontiaDemo-Prefix.pch"; sourceTree = "<group>"; };
		CC73D81B1791BCC100146325 /* Default.png */ = {isa = PBXFileReference; lastKnownFileType = image.png; path = Default.png; sourceTree = "<group>"; };
		CC73D81D1791BCC100146325 /* Default@2x.png */ = {isa = PBXFileReference; lastKnownFileType = image.png; path = "Default@2x.png"; sourceTree = "<group>"; };
		CC73D81F1791BCC100146325 /* Default-568h@2x.png */ = {isa = PBXFileReference; lastKnownFileType = image.png; path = "Default-568h@2x.png"; sourceTree = "<group>"; };
		CC73D8221791BCC100146325 /* en */ = {isa = PBXFileReference; lastKnownFileType = file.storyboard; name = en; path = en.lproj/MainStoryboard_iPhone.storyboard; sourceTree = "<group>"; };
		CC73D8251791BCC100146325 /* en */ = {isa = PBXFileReference; lastKnownFileType = file.storyboard; name = en; path = en.lproj/MainStoryboard_iPad.storyboard; sourceTree = "<group>"; };
		CC73D8301791BCC200146325 /* SenTestingKit.framework */ = {isa = PBXFileReference; lastKnownFileType = wrapper.framework; name = SenTestingKit.framework; path = Library/Frameworks/SenTestingKit.framework; sourceTree = DEVELOPER_DIR; };
		CC73D8721791C27000146325 /* FrontiaAppDelegate.h */ = {isa = PBXFileReference; fileEncoding = 4; lastKnownFileType = sourcecode.c.h; path = FrontiaAppDelegate.h; sourceTree = "<group>"; };
		CC73D8731791C27000146325 /* FrontiaAppDelegate.m */ = {isa = PBXFileReference; fileEncoding = 4; lastKnownFileType = sourcecode.c.objc; path = FrontiaAppDelegate.m; sourceTree = "<group>"; };
		CC73D8751791C27F00146325 /* FrontiaViewController.h */ = {isa = PBXFileReference; fileEncoding = 4; lastKnownFileType = sourcecode.c.h; path = FrontiaViewController.h; sourceTree = "<group>"; };
		CC73D8761791C27F00146325 /* FrontiaViewController.m */ = {isa = PBXFileReference; fileEncoding = 4; lastKnownFileType = sourcecode.c.objc; path = FrontiaViewController.m; sourceTree = "<group>"; };
		CC73D87B1791C30A00146325 /* BPushConfig.plist */ = {isa = PBXFileReference; fileEncoding = 4; lastKnownFileType = text.plist.xml; path = BPushConfig.plist; sourceTree = "<group>"; };
		CC73D87C1791C30A00146325 /* cat.caf */ = {isa = PBXFileReference; lastKnownFileType = file; path = cat.caf; sourceTree = "<group>"; };
		CC73D8811791C67A00146325 /* libstdc++.dylib */ = {isa = PBXFileReference; lastKnownFileType = "compiled.mach-o.dylib"; name = "libstdc++.dylib"; path = "usr/lib/libstdc++.dylib"; sourceTree = SDKROOT; };
		CC73D8831791C68D00146325 /* CoreTelephony.framework */ = {isa = PBXFileReference; lastKnownFileType = wrapper.framework; name = CoreTelephony.framework; path = System/Library/Frameworks/CoreTelephony.framework; sourceTree = SDKROOT; };
		CC73D8851791C69900146325 /* libz.dylib */ = {isa = PBXFileReference; lastKnownFileType = "compiled.mach-o.dylib"; name = libz.dylib; path = usr/lib/libz.dylib; sourceTree = SDKROOT; };
		CC73D8871791C6A900146325 /* libsqlite3.dylib */ = {isa = PBXFileReference; lastKnownFileType = "compiled.mach-o.dylib"; name = libsqlite3.dylib; path = usr/lib/libsqlite3.dylib; sourceTree = SDKROOT; };
		CC73D8891791C78100146325 /* SystemConfiguration.framework */ = {isa = PBXFileReference; lastKnownFileType = wrapper.framework; name = SystemConfiguration.framework; path = System/Library/Frameworks/SystemConfiguration.framework; sourceTree = SDKROOT; };
		E1A8CAFD17CF40DF00B78065 /* Frontia.framework */ = {isa = PBXFileReference; lastKnownFileType = wrapper.framework; path = Frontia.framework; sourceTree = "<group>"; };
		E50B5CA6182B95E90021E3D1 /* CFNetwork.framework */ = {isa = PBXFileReference; lastKnownFileType = wrapper.framework; name = CFNetwork.framework; path = System/Library/Frameworks/CFNetwork.framework; sourceTree = SDKROOT; };
		E50B5CA8182B96560021E3D1 /* QuartzCore.framework */ = {isa = PBXFileReference; lastKnownFileType = wrapper.framework; name = QuartzCore.framework; path = System/Library/Frameworks/QuartzCore.framework; sourceTree = SDKROOT; };
		E50B5CAA182B96BF0021E3D1 /* MobileCoreServices.framework */ = {isa = PBXFileReference; lastKnownFileType = wrapper.framework; name = MobileCoreServices.framework; path = System/Library/Frameworks/MobileCoreServices.framework; sourceTree = SDKROOT; };
		E50B5CAC182B97190021E3D1 /* MessageUI.framework */ = {isa = PBXFileReference; lastKnownFileType = wrapper.framework; name = MessageUI.framework; path = System/Library/Frameworks/MessageUI.framework; sourceTree = SDKROOT; };
		E544C39417D73D8B00D46E7F /* CoreLocation.framework */ = {isa = PBXFileReference; lastKnownFileType = wrapper.framework; name = CoreLocation.framework; path = System/Library/Frameworks/CoreLocation.framework; sourceTree = SDKROOT; };
		E544C39817D73E7900D46E7F /* Security.framework */ = {isa = PBXFileReference; lastKnownFileType = wrapper.framework; name = Security.framework; path = System/Library/Frameworks/Security.framework; sourceTree = SDKROOT; };
		E5D1A19C1803CD1A001539DE /* FrontiaSource.bundle */ = {isa = PBXFileReference; lastKnownFileType = "wrapper.plug-in"; path = FrontiaSource.bundle; sourceTree = "<group>"; };
		E5D1A19D1803CD1A001539DE /* JSONKit.h */ = {isa = PBXFileReference; fileEncoding = 4; lastKnownFileType = sourcecode.c.h; path = JSONKit.h; sourceTree = "<group>"; };
		E5D1A19E1803CD1A001539DE /* JSONKit.m */ = {isa = PBXFileReference; fileEncoding = 4; lastKnownFileType = sourcecode.c.objc; path = JSONKit.m; sourceTree = "<group>"; };
		E5D1A1A01803CD1A001539DE /* QQApi.h */ = {isa = PBXFileReference; fileEncoding = 4; lastKnownFileType = sourcecode.c.h; path = QQApi.h; sourceTree = "<group>"; };
		E5D1A1A11803CD1A001539DE /* QQApiInterface.h */ = {isa = PBXFileReference; fileEncoding = 4; lastKnownFileType = sourcecode.c.h; path = QQApiInterface.h; sourceTree = "<group>"; };
		E5D1A1A21803CD1A001539DE /* QQApiInterfaceObject.h */ = {isa = PBXFileReference; fileEncoding = 4; lastKnownFileType = sourcecode.c.h; path = QQApiInterfaceObject.h; sourceTree = "<group>"; };
		E5D1A1A31803CD1A001539DE /* sdkdef.h */ = {isa = PBXFileReference; fileEncoding = 4; lastKnownFileType = sourcecode.c.h; path = sdkdef.h; sourceTree = "<group>"; };
		E5D1A1A41803CD1A001539DE /* TencentOAuth.h */ = {isa = PBXFileReference; fileEncoding = 4; lastKnownFileType = sourcecode.c.h; path = TencentOAuth.h; sourceTree = "<group>"; };
		E5D1A1A51803CD1A001539DE /* TencentOAuthObject.h */ = {isa = PBXFileReference; fileEncoding = 4; lastKnownFileType = sourcecode.c.h; path = TencentOAuthObject.h; sourceTree = "<group>"; };
		E5D1A1A61803CD1A001539DE /* TencentOpenAPI */ = {isa = PBXFileReference; lastKnownFileType = archive.ar; path = TencentOpenAPI; sourceTree = "<group>"; };
		E5D1A1A81803CD1A001539DE /* libWeiboSDK */ = {isa = PBXFileReference; lastKnownFileType = archive.ar; path = libWeiboSDK; sourceTree = "<group>"; };
		E5D1A1A91803CD1A001539DE /* WeiboSDK.h */ = {isa = PBXFileReference; fileEncoding = 4; lastKnownFileType = sourcecode.c.h; path = WeiboSDK.h; sourceTree = "<group>"; };
		E5D1A1AC1803CD1A001539DE /* WXApi.h */ = {isa = PBXFileReference; fileEncoding = 4; lastKnownFileType = sourcecode.c.h; path = WXApi.h; sourceTree = "<group>"; };
		E5D1A1AD1803CD1A001539DE /* WXApiObject.h */ = {isa = PBXFileReference; fileEncoding = 4; lastKnownFileType = sourcecode.c.h; path = WXApiObject.h; sourceTree = "<group>"; };
		E5D1A1BB18055AE8001539DE /* libWeChatSDK */ = {isa = PBXFileReference; lastKnownFileType = archive.ar; path = libWeChatSDK; sourceTree = "<group>"; };
/* End PBXFileReference section */

/* Begin PBXFrameworksBuildPhase section */
		317FAEC417AA51A700BF8911 /* Frameworks */ = {
			isa = PBXFrameworksBuildPhase;
			buildActionMask = 2147483647;
			files = (
				317FAEC917AA51A700BF8911 /* SenTestingKit.framework in Frameworks */,
				317FAECA17AA51A700BF8911 /* UIKit.framework in Frameworks */,
				317FAECB17AA51A700BF8911 /* Foundation.framework in Frameworks */,
			);
			runOnlyForDeploymentPostprocessing = 0;
		};
		CC73D8031791BCC100146325 /* Frameworks */ = {
			isa = PBXFrameworksBuildPhase;
			buildActionMask = 2147483647;
			files = (
				E50B5CAD182B97190021E3D1 /* MessageUI.framework in Frameworks */,
				E50B5CAB182B96BF0021E3D1 /* MobileCoreServices.framework in Frameworks */,
				E50B5CA9182B96560021E3D1 /* QuartzCore.framework in Frameworks */,
				E50B5CA7182B95E90021E3D1 /* CFNetwork.framework in Frameworks */,
				E544C39A17D73E8D00D46E7F /* CoreLocation.framework in Frameworks */,
				E544C39917D73E7900D46E7F /* Security.framework in Frameworks */,
				31AEB81A179D3CD2006DD648 /* libz.dylib in Frameworks */,
				31AEB819179D3CC6006DD648 /* libstdc++.dylib in Frameworks */,
				31AEB818179D3CBD006DD648 /* libsqlite3.dylib in Frameworks */,
				CC73D8841791C68D00146325 /* CoreTelephony.framework in Frameworks */,
				31AEB817179D3CB3006DD648 /* SystemConfiguration.framework in Frameworks */,
				E5D1A1BC18055AE8001539DE /* libWeChatSDK in Frameworks */,
				E5D1A1B11803CD1A001539DE /* libWeiboSDK in Frameworks */,
				E5D1A1B01803CD1A001539DE /* TencentOpenAPI in Frameworks */,
				CC73D80A1791BCC100146325 /* UIKit.framework in Frameworks */,
				CC73D80C1791BCC100146325 /* Foundation.framework in Frameworks */,
				CC73D80E1791BCC100146325 /* CoreGraphics.framework in Frameworks */,
				E1A8CAFE17CF40DF00B78065 /* Frontia.framework in Frameworks */,
			);
			runOnlyForDeploymentPostprocessing = 0;
		};
/* End PBXFrameworksBuildPhase section */

/* Begin PBXGroup section */
		317FAECC17AA51A700BF8911 /* FrontiaTests */ = {
			isa = PBXGroup;
			children = (
				317FAED217AA51A700BF8911 /* FrontiaTests.h */,
				317FAED317AA51A700BF8911 /* FrontiaTests.m */,
				317FAECD17AA51A700BF8911 /* Supporting Files */,
			);
			path = FrontiaTests;
			sourceTree = "<group>";
		};
		317FAECD17AA51A700BF8911 /* Supporting Files */ = {
			isa = PBXGroup;
			children = (
				317FAECE17AA51A700BF8911 /* FrontiaTests-Info.plist */,
				317FAECF17AA51A700BF8911 /* InfoPlist.strings */,
				317FAED517AA51A700BF8911 /* FrontiaTests-Prefix.pch */,
			);
			name = "Supporting Files";
			sourceTree = "<group>";
		};
		CC73D7FD1791BCC100146325 = {
			isa = PBXGroup;
			children = (
				E5D1A19B1803CD1A001539DE /* lib_third */,
				E544C39817D73E7900D46E7F /* Security.framework */,
				CC73D8811791C67A00146325 /* libstdc++.dylib */,
				E544C39417D73D8B00D46E7F /* CoreLocation.framework */,
				CC73D80F1791BCC100146325 /* FrontiaDemo */,
				317FAECC17AA51A700BF8911 /* FrontiaTests */,
				CC73D8081791BCC100146325 /* Frameworks */,
				CC73D8071791BCC100146325 /* Products */,
			);
			sourceTree = "<group>";
		};
		CC73D8071791BCC100146325 /* Products */ = {
			isa = PBXGroup;
			children = (
				CC73D8061791BCC100146325 /* FrontiaDemo.app */,
				317FAEC817AA51A700BF8911 /* FrontiaTests.octest */,
			);
			name = Products;
			sourceTree = "<group>";
		};
		CC73D8081791BCC100146325 /* Frameworks */ = {
			isa = PBXGroup;
			children = (
				E50B5CAC182B97190021E3D1 /* MessageUI.framework */,
				E50B5CAA182B96BF0021E3D1 /* MobileCoreServices.framework */,
				E50B5CA8182B96560021E3D1 /* QuartzCore.framework */,
				E50B5CA6182B95E90021E3D1 /* CFNetwork.framework */,
				E1A8CAFD17CF40DF00B78065 /* Frontia.framework */,
				CC73D8891791C78100146325 /* SystemConfiguration.framework */,
				CC73D8871791C6A900146325 /* libsqlite3.dylib */,
				CC73D8851791C69900146325 /* libz.dylib */,
				CC73D8831791C68D00146325 /* CoreTelephony.framework */,
				CC73D8091791BCC100146325 /* UIKit.framework */,
				CC73D80B1791BCC100146325 /* Foundation.framework */,
				CC73D80D1791BCC100146325 /* CoreGraphics.framework */,
				CC73D8301791BCC200146325 /* SenTestingKit.framework */,
			);
			name = Frameworks;
			sourceTree = "<group>";
		};
		CC73D80F1791BCC100146325 /* FrontiaDemo */ = {
			isa = PBXGroup;
			children = (
				CC73D8751791C27F00146325 /* FrontiaViewController.h */,
				CC73D8761791C27F00146325 /* FrontiaViewController.m */,
				CC73D8721791C27000146325 /* FrontiaAppDelegate.h */,
				CC73D8731791C27000146325 /* FrontiaAppDelegate.m */,
				CC73D8211791BCC100146325 /* MainStoryboard_iPhone.storyboard */,
				CC73D8241791BCC100146325 /* MainStoryboard_iPad.storyboard */,
				CC73D8101791BCC100146325 /* Supporting Files */,
			);
			path = FrontiaDemo;
			sourceTree = "<group>";
		};
		CC73D8101791BCC100146325 /* Supporting Files */ = {
			isa = PBXGroup;
			children = (
				CC73D87B1791C30A00146325 /* BPushConfig.plist */,
				CC73D87C1791C30A00146325 /* cat.caf */,
				CC73D8111791BCC100146325 /* FrontiaDemo-Info.plist */,
				CC73D8121791BCC100146325 /* InfoPlist.strings */,
				CC73D8151791BCC100146325 /* main.m */,
				CC73D8171791BCC100146325 /* FrontiaDemo-Prefix.pch */,
				CC73D81B1791BCC100146325 /* Default.png */,
				CC73D81D1791BCC100146325 /* Default@2x.png */,
				CC73D81F1791BCC100146325 /* Default-568h@2x.png */,
			);
			name = "Supporting Files";
			sourceTree = "<group>";
		};
		E5D1A19B1803CD1A001539DE /* lib_third */ = {
			isa = PBXGroup;
			children = (
				E5D1A19C1803CD1A001539DE /* FrontiaSource.bundle */,
				E5D1A19D1803CD1A001539DE /* JSONKit.h */,
				E5D1A19E1803CD1A001539DE /* JSONKit.m */,
				E5D1A19F1803CD1A001539DE /* QQ */,
				E5D1A1A71803CD1A001539DE /* WB */,
				E5D1A1AA1803CD1A001539DE /* WX */,
			);
			path = lib_third;
			sourceTree = "<group>";
		};
		E5D1A19F1803CD1A001539DE /* QQ */ = {
			isa = PBXGroup;
			children = (
				8E32830E18B304C60059B602 /* TencentApiInterface.h */,
				8E32830F18B304C60059B602 /* TencentMessageObject.h */,
				8E32831018B304C60059B602 /* TencentOpenApi_IOS_Bundle.bundle */,
				8E32831118B304C60059B602 /* WeiBoAPI.h */,
				8E32831218B304C60059B602 /* WeiyunAPI.h */,
				E5D1A1A01803CD1A001539DE /* QQApi.h */,
				E5D1A1A11803CD1A001539DE /* QQApiInterface.h */,
				E5D1A1A21803CD1A001539DE /* QQApiInterfaceObject.h */,
				E5D1A1A31803CD1A001539DE /* sdkdef.h */,
				E5D1A1A41803CD1A001539DE /* TencentOAuth.h */,
				E5D1A1A51803CD1A001539DE /* TencentOAuthObject.h */,
				E5D1A1A61803CD1A001539DE /* TencentOpenAPI */,
			);
			path = QQ;
			sourceTree = "<group>";
		};
		E5D1A1A71803CD1A001539DE /* WB */ = {
			isa = PBXGroup;
			children = (
				E5D1A1A81803CD1A001539DE /* libWeiboSDK */,
				E5D1A1A91803CD1A001539DE /* WeiboSDK.h */,
			);
			path = WB;
			sourceTree = "<group>";
		};
		E5D1A1AA1803CD1A001539DE /* WX */ = {
			isa = PBXGroup;
			children = (
				E5D1A1BB18055AE8001539DE /* libWeChatSDK */,
				E5D1A1AC1803CD1A001539DE /* WXApi.h */,
				E5D1A1AD1803CD1A001539DE /* WXApiObject.h */,
			);
			path = WX;
			sourceTree = "<group>";
		};
/* End PBXGroup section */

/* Begin PBXNativeTarget section */
		317FAEC717AA51A700BF8911 /* FrontiaTests */ = {
			isa = PBXNativeTarget;
			buildConfigurationList = 317FAED817AA51A700BF8911 /* Build configuration list for PBXNativeTarget "FrontiaTests" */;
			buildPhases = (
				317FAEC317AA51A700BF8911 /* Sources */,
				317FAEC417AA51A700BF8911 /* Frameworks */,
				317FAEC517AA51A700BF8911 /* Resources */,
				317FAEC617AA51A700BF8911 /* ShellScript */,
			);
			buildRules = (
			);
			dependencies = (
			);
			name = FrontiaTests;
			productName = FrontiaTests;
			productReference = 317FAEC817AA51A700BF8911 /* FrontiaTests.octest */;
			productType = "com.apple.product-type.bundle";
		};
		CC73D8051791BCC100146325 /* FrontiaDemo */ = {
			isa = PBXNativeTarget;
			buildConfigurationList = CC73D8411791BCC200146325 /* Build configuration list for PBXNativeTarget "FrontiaDemo" */;
			buildPhases = (
				CC73D8021791BCC100146325 /* Sources */,
				CC73D8031791BCC100146325 /* Frameworks */,
				CC73D8041791BCC100146325 /* Resources */,
			);
			buildRules = (
			);
			dependencies = (
			);
			name = FrontiaDemo;
			productName = FrontiaDemo;
			productReference = CC73D8061791BCC100146325 /* FrontiaDemo.app */;
			productType = "com.apple.product-type.application";
		};
/* End PBXNativeTarget section */

/* Begin PBXProject section */
		CC73D7FE1791BCC100146325 /* Project object */ = {
			isa = PBXProject;
			attributes = {
				LastUpgradeCheck = 0460;
				ORGANIZATIONNAME = lihongsheng;
			};
			buildConfigurationList = CC73D8011791BCC100146325 /* Build configuration list for PBXProject "FrontiaDemo" */;
			compatibilityVersion = "Xcode 3.2";
			developmentRegion = English;
			hasScannedForEncodings = 0;
			knownRegions = (
				en,
			);
			mainGroup = CC73D7FD1791BCC100146325;
			productRefGroup = CC73D8071791BCC100146325 /* Products */;
			projectDirPath = "";
			projectRoot = "";
			targets = (
				CC73D8051791BCC100146325 /* FrontiaDemo */,
				317FAEC717AA51A700BF8911 /* FrontiaTests */,
			);
		};
/* End PBXProject section */

/* Begin PBXResourcesBuildPhase section */
		317FAEC517AA51A700BF8911 /* Resources */ = {
			isa = PBXResourcesBuildPhase;
			buildActionMask = 2147483647;
			files = (
				317FAED117AA51A700BF8911 /* InfoPlist.strings in Resources */,
			);
			runOnlyForDeploymentPostprocessing = 0;
		};
		CC73D8041791BCC100146325 /* Resources */ = {
			isa = PBXResourcesBuildPhase;
			buildActionMask = 2147483647;
			files = (
				CC73D8141791BCC100146325 /* InfoPlist.strings in Resources */,
				CC73D81C1791BCC100146325 /* Default.png in Resources */,
				CC73D81E1791BCC100146325 /* Default@2x.png in Resources */,
				CC73D8201791BCC100146325 /* Default-568h@2x.png in Resources */,
				E5D1A1AE1803CD1A001539DE /* FrontiaSource.bundle in Resources */,
				CC73D8231791BCC100146325 /* MainStoryboard_iPhone.storyboard in Resources */,
				CC73D8261791BCC100146325 /* MainStoryboard_iPad.storyboard in Resources */,
				CC73D87D1791C30A00146325 /* BPushConfig.plist in Resources */,
				8E32831318B304C60059B602 /* TencentOpenApi_IOS_Bundle.bundle in Resources */,
				CC73D87E1791C30A00146325 /* cat.caf in Resources */,
			);
			runOnlyForDeploymentPostprocessing = 0;
		};
/* End PBXResourcesBuildPhase section */

/* Begin PBXShellScriptBuildPhase section */
		317FAEC617AA51A700BF8911 /* ShellScript */ = {
			isa = PBXShellScriptBuildPhase;
			buildActionMask = 2147483647;
			files = (
			);
			inputPaths = (
			);
			outputPaths = (
			);
			runOnlyForDeploymentPostprocessing = 0;
			shellPath = /bin/sh;
			shellScript = "# Run the unit tests in this test bundle.\n\"${SYSTEM_DEVELOPER_DIR}/Tools/RunUnitTests\"\n";
		};
/* End PBXShellScriptBuildPhase section */

/* Begin PBXSourcesBuildPhase section */
		317FAEC317AA51A700BF8911 /* Sources */ = {
			isa = PBXSourcesBuildPhase;
			buildActionMask = 2147483647;
			files = (
				317FAED417AA51A700BF8911 /* FrontiaTests.m in Sources */,
			);
			runOnlyForDeploymentPostprocessing = 0;
		};
		CC73D8021791BCC100146325 /* Sources */ = {
			isa = PBXSourcesBuildPhase;
			buildActionMask = 2147483647;
			files = (
				CC73D8161791BCC100146325 /* main.m in Sources */,
				CC73D8741791C27000146325 /* FrontiaAppDelegate.m in Sources */,
				E5D1A1AF1803CD1A001539DE /* JSONKit.m in Sources */,
				CC73D8791791C27F00146325 /* FrontiaViewController.m in Sources */,
			);
			runOnlyForDeploymentPostprocessing = 0;
		};
/* End PBXSourcesBuildPhase section */

/* Begin PBXVariantGroup section */
		317FAECF17AA51A700BF8911 /* InfoPlist.strings */ = {
			isa = PBXVariantGroup;
			children = (
				317FAED017AA51A700BF8911 /* en */,
			);
			name = InfoPlist.strings;
			sourceTree = "<group>";
		};
		CC73D8121791BCC100146325 /* InfoPlist.strings */ = {
			isa = PBXVariantGroup;
			children = (
				CC73D8131791BCC100146325 /* en */,
			);
			name = InfoPlist.strings;
			sourceTree = "<group>";
		};
		CC73D8211791BCC100146325 /* MainStoryboard_iPhone.storyboard */ = {
			isa = PBXVariantGroup;
			children = (
				CC73D8221791BCC100146325 /* en */,
			);
			name = MainStoryboard_iPhone.storyboard;
			sourceTree = "<group>";
		};
		CC73D8241791BCC100146325 /* MainStoryboard_iPad.storyboard */ = {
			isa = PBXVariantGroup;
			children = (
				CC73D8251791BCC100146325 /* en */,
			);
			name = MainStoryboard_iPad.storyboard;
			sourceTree = "<group>";
		};
/* End PBXVariantGroup section */

/* Begin XCBuildConfiguration section */
		317FAED617AA51A700BF8911 /* Debug */ = {
			isa = XCBuildConfiguration;
			buildSettings = {
				FRAMEWORK_SEARCH_PATHS = (
					"\"$(SDKROOT)/Developer/Library/Frameworks\"",
					"\"$(DEVELOPER_LIBRARY_DIR)/Frameworks\"",
				);
				GCC_PRECOMPILE_PREFIX_HEADER = YES;
				GCC_PREFIX_HEADER = "FrontiaTests/FrontiaTests-Prefix.pch";
				INFOPLIST_FILE = "FrontiaTests/FrontiaTests-Info.plist";
				PRODUCT_NAME = "$(TARGET_NAME)";
				WRAPPER_EXTENSION = octest;
			};
			name = Debug;
		};
		317FAED717AA51A700BF8911 /* Release */ = {
			isa = XCBuildConfiguration;
			buildSettings = {
				FRAMEWORK_SEARCH_PATHS = (
					"\"$(SDKROOT)/Developer/Library/Frameworks\"",
					"\"$(DEVELOPER_LIBRARY_DIR)/Frameworks\"",
				);
				GCC_PRECOMPILE_PREFIX_HEADER = YES;
				GCC_PREFIX_HEADER = "FrontiaTests/FrontiaTests-Prefix.pch";
				INFOPLIST_FILE = "FrontiaTests/FrontiaTests-Info.plist";
				PRODUCT_NAME = "$(TARGET_NAME)";
				WRAPPER_EXTENSION = octest;
			};
			name = Release;
		};
		CC73D83F1791BCC200146325 /* Debug */ = {
			isa = XCBuildConfiguration;
			buildSettings = {
				ALWAYS_SEARCH_USER_PATHS = NO;
				CLANG_CXX_LANGUAGE_STANDARD = "gnu++0x";
				CLANG_CXX_LIBRARY = "libc++";
				CLANG_ENABLE_OBJC_ARC = YES;
				CLANG_WARN_CONSTANT_CONVERSION = YES;
				CLANG_WARN_EMPTY_BODY = YES;
				CLANG_WARN_ENUM_CONVERSION = YES;
				CLANG_WARN_INT_CONVERSION = YES;
				CLANG_WARN__DUPLICATE_METHOD_MATCH = YES;
				"CODE_SIGN_IDENTITY[sdk=iphoneos*]" = "iPhone Developer";
				COPY_PHASE_STRIP = NO;
				GCC_C_LANGUAGE_STANDARD = gnu99;
				GCC_DYNAMIC_NO_PIC = NO;
				GCC_OPTIMIZATION_LEVEL = 0;
				GCC_PREPROCESSOR_DEFINITIONS = (
					"DEBUG=1",
					"$(inherited)",
				);
				GCC_SYMBOLS_PRIVATE_EXTERN = NO;
				GCC_WARN_ABOUT_RETURN_TYPE = YES;
				GCC_WARN_UNINITIALIZED_AUTOS = YES;
				GCC_WARN_UNUSED_VARIABLE = YES;
				IPHONEOS_DEPLOYMENT_TARGET = 6.1;
				ONLY_ACTIVE_ARCH = YES;
				OTHER_LDFLAGS = "-ObjC";
				SDKROOT = iphoneos;
				TARGETED_DEVICE_FAMILY = "1,2";
			};
			name = Debug;
		};
		CC73D8401791BCC200146325 /* Release */ = {
			isa = XCBuildConfiguration;
			buildSettings = {
				ALWAYS_SEARCH_USER_PATHS = NO;
				CLANG_CXX_LANGUAGE_STANDARD = "gnu++0x";
				CLANG_CXX_LIBRARY = "libc++";
				CLANG_ENABLE_OBJC_ARC = YES;
				CLANG_WARN_CONSTANT_CONVERSION = YES;
				CLANG_WARN_EMPTY_BODY = YES;
				CLANG_WARN_ENUM_CONVERSION = YES;
				CLANG_WARN_INT_CONVERSION = YES;
				CLANG_WARN__DUPLICATE_METHOD_MATCH = YES;
				"CODE_SIGN_IDENTITY[sdk=iphoneos*]" = "iPhone Developer";
				COPY_PHASE_STRIP = YES;
				GCC_C_LANGUAGE_STANDARD = gnu99;
				GCC_WARN_ABOUT_RETURN_TYPE = YES;
				GCC_WARN_UNINITIALIZED_AUTOS = YES;
				GCC_WARN_UNUSED_VARIABLE = YES;
				IPHONEOS_DEPLOYMENT_TARGET = 6.1;
				OTHER_CFLAGS = "-DNS_BLOCK_ASSERTIONS=1";
				OTHER_LDFLAGS = "-ObjC";
				SDKROOT = iphoneos;
				TARGETED_DEVICE_FAMILY = "1,2";
				VALIDATE_PRODUCT = YES;
			};
			name = Release;
		};
		CC73D8421791BCC200146325 /* Debug */ = {
			isa = XCBuildConfiguration;
			buildSettings = {
				CODE_SIGN_IDENTITY = "";
				FRAMEWORK_SEARCH_PATHS = (
					"$(inherited)",
					"\"$(SRCROOT)\"",
				);
				GCC_PRECOMPILE_PREFIX_HEADER = YES;
				GCC_PREFIX_HEADER = "FrontiaDemo/FrontiaDemo-Prefix.pch";
				GCC_PREPROCESSOR_DEFINITIONS = (
					"DEBUG=1",
					"$(inherited)",
				);
				INFOPLIST_FILE = "FrontiaDemo/FrontiaDemo-Info.plist";
				LIBRARY_SEARCH_PATHS = (
					"$(inherited)",
					"\\\\\\\"$(SRCROOT)/../../../../../../Library/Developer/Xcode/DerivedData/frontia-exrzkzavrmeqgjbqshjmzqdidgbj/Build/Products/Debug-iphoneos\\\\\\\"",
					"/Users/homer/Documents/work/ios-sdk/code/demo/FrontiaDemo/FrontiaDemo/lib_third/QQ",
					"/Users/homer/Documents/work/ios-sdk/code/demo/FrontiaDemo/FrontiaDemo/lib_third/WB",
					"/Users/homer/Documents/work/ios-sdk/code/demo/FrontiaDemo/FrontiaDemo/lib_third/WX",
					"/Users/homer/Documents/work/ios-sdk/code/demo/FrontiaDemo/lib_third/QQ",
					"/Users/homer/Documents/work/ios-sdk/code/demo/FrontiaDemo/lib_third/WB",
					"/Users/homer/Documents/work/ios-sdk/code/demo/FrontiaDemo/lib_third/WX",
				);
				OTHER_LDFLAGS = "-all_load";
				PRODUCT_NAME = "$(TARGET_NAME)";
				PROVISIONING_PROFILE = "D29AE353-27EC-4E21-AF10-066B5260CDA9";
				WRAPPER_EXTENSION = app;
			};
			name = Debug;
		};
		CC73D8431791BCC200146325 /* Release */ = {
			isa = XCBuildConfiguration;
			buildSettings = {
				CODE_SIGN_IDENTITY = "";
				FRAMEWORK_SEARCH_PATHS = (
					"$(inherited)",
					"\"$(SRCROOT)\"",
				);
				GCC_PRECOMPILE_PREFIX_HEADER = YES;
				GCC_PREFIX_HEADER = "FrontiaDemo/FrontiaDemo-Prefix.pch";
				GCC_PREPROCESSOR_DEFINITIONS = "";
				INFOPLIST_FILE = "FrontiaDemo/FrontiaDemo-Info.plist";
				LIBRARY_SEARCH_PATHS = (
					"$(inherited)",
					"\\\\\\\"$(SRCROOT)/../../../../../../Library/Developer/Xcode/DerivedData/frontia-exrzkzavrmeqgjbqshjmzqdidgbj/Build/Products/Debug-iphoneos\\\\\\\"",
					"/Users/homer/Documents/work/ios-sdk/code/demo/FrontiaDemo/FrontiaDemo/lib_third/QQ",
					"/Users/homer/Documents/work/ios-sdk/code/demo/FrontiaDemo/FrontiaDemo/lib_third/WB",
					"/Users/homer/Documents/work/ios-sdk/code/demo/FrontiaDemo/FrontiaDemo/lib_third/WX",
					"/Users/homer/Documents/work/ios-sdk/code/demo/FrontiaDemo/lib_third/QQ",
					"/Users/homer/Documents/work/ios-sdk/code/demo/FrontiaDemo/lib_third/WB",
					"/Users/homer/Documents/work/ios-sdk/code/demo/FrontiaDemo/lib_third/WX",
				);
				OTHER_LDFLAGS = "-all_load";
				PRODUCT_NAME = "$(TARGET_NAME)";
				PROVISIONING_PROFILE = "D29AE353-27EC-4E21-AF10-066B5260CDA9";
				WRAPPER_EXTENSION = app;
			};
			name = Release;
		};
/* End XCBuildConfiguration section */

/* Begin XCConfigurationList section */
		317FAED817AA51A700BF8911 /* Build configuration list for PBXNativeTarget "FrontiaTests" */ = {
			isa = XCConfigurationList;
			buildConfigurations = (
				317FAED617AA51A700BF8911 /* Debug */,
				317FAED717AA51A700BF8911 /* Release */,
			);
			defaultConfigurationIsVisible = 0;
			defaultConfigurationName = Release;
		};
		CC73D8011791BCC100146325 /* Build configuration list for PBXProject "FrontiaDemo" */ = {
			isa = XCConfigurationList;
			buildConfigurations = (
				CC73D83F1791BCC200146325 /* Debug */,
				CC73D8401791BCC200146325 /* Release */,
			);
			defaultConfigurationIsVisible = 0;
			defaultConfigurationName = Release;
		};
		CC73D8411791BCC200146325 /* Build configuration list for PBXNativeTarget "FrontiaDemo" */ = {
			isa = XCConfigurationList;
			buildConfigurations = (
				CC73D8421791BCC200146325 /* Debug */,
				CC73D8431791BCC200146325 /* Release */,
			);
			defaultConfigurationIsVisible = 0;
			defaultConfigurationName = Release;
		};
/* End XCConfigurationList section */
	};
	rootObject = CC73D7FE1791BCC100146325 /* Project object */;
}
